
Microsoft Visual Studio Solution File, Format Version 12.00
# Visual Studio 15
VisualStudioVersion = 15.0.28010.2036
MinimumVisualStudioVersion = 10.0.40219.1
Project("{FAE04EC0-301F-11D3-BF4B-00C04F79EFBC}") = "ExamenBindingMVVM.UWP", "ExamenBindingMVVM\ExamenBindingMVVM.UWP\ExamenBindingMVVM.UWP.csproj", "{84973ABA-0D5D-4F43-98EE-FF9583CFF63E}"
EndProject
Project("{FAE04EC0-301F-11D3-BF4B-00C04F79EFBC}") = "ExamenBindingMVVM", "ExamenBindingMVVM\ExamenBindingMVVM\ExamenBindingMVVM.csproj", "{7DEE0B7F-8B9D-406E-BDE6-C3518F34508F}"
EndProject
Global
	GlobalSection(SolutionConfigurationPlatforms) = preSolution
		Debug|Any CPU = Debug|Any CPU
		Debug|ARM = Debug|ARM
		Debug|x64 = Debug|x64
		Debug|x86 = Debug|x86
		Release|Any CPU = Release|Any CPU
		Release|ARM = Release|ARM
		Release|x64 = Release|x64
		Release|x86 = Release|x86
	EndGlobalSection
	GlobalSection(ProjectConfigurationPlatforms) = postSolution
		{84973ABA-0D5D-4F43-98EE-FF9583CFF63E}.Debug|Any CPU.ActiveCfg = Debug|x86
		{84973ABA-0D5D-4F43-98EE-FF9583CFF63E}.Debug|Any CPU.Build.0 = Debug|x86
		{84973ABA-0D5D-4F43-98EE-FF9583CFF63E}.Debug|Any CPU.Deploy.0 = Debug|x86
		{84973ABA-0D5D-4F43-98EE-FF9583CFF63E}.Debug|ARM.ActiveCfg = Debug|x86
		{84973ABA-0D5D-4F43-98EE-FF9583CFF63E}.Debug|ARM.Build.0 = Debug|x86
		{84973ABA-0D5D-4F43-98EE-FF9583CFF63E}.Debug|ARM.Deploy.0 = Debug|x86
		{84973ABA-0D5D-4F43-98EE-FF9583CFF63E}.Debug|x64.ActiveCfg = Debug|x64
		{84973ABA-0D5D-4F43-98EE-FF9583CFF63E}.Debug|x64.Build.0 = Debug|x64
		{84973ABA-0D5D-4F43-98EE-FF9583CFF63E}.Debug|x64.Deploy.0 = Debug|x64
		{84973ABA-0D5D-4F43-98EE-FF9583CFF63E}.Debug|x86.ActiveCfg = Debug|x86
		{84973ABA-0D5D-4F43-98EE-FF9583CFF63E}.Debug|x86.Build.0 = Debug|x86
		{84973ABA-0D5D-4F43-98EE-FF9583CFF63E}.Debug|x86.Deploy.0 = Debug|x86
		{84973ABA-0D5D-4F43-98EE-FF9583CFF63E}.Release|Any CPU.ActiveCfg = Release|x86
		{84973ABA-0D5D-4F43-98EE-FF9583CFF63E}.Release|Any CPU.Build.0 = Release|x86
		{84973ABA-0D5D-4F43-98EE-FF9583CFF63E}.Release|Any CPU.Deploy.0 = Release|x86
		{84973ABA-0D5D-4F43-98EE-FF9583CFF63E}.Release|ARM.ActiveCfg = Release|ARM
		{84973ABA-0D5D-4F43-98EE-FF9583CFF63E}.Release|ARM.Build.0 = Release|ARM
		{84973ABA-0D5D-4F43-98EE-FF9583CFF63E}.Release|ARM.Deploy.0 = Release|ARM
		{84973ABA-0D5D-4F43-98EE-FF9583CFF63E}.Release|x64.ActiveCfg = Release|x64
		{84973ABA-0D5D-4F43-98EE-FF9583CFF63E}.Release|x64.Build.0 = Release|x64
		{84973ABA-0D5D-4F43-98EE-FF9583CFF63E}.Release|x64.Deploy.0 = Release|x64
		{84973ABA-0D5D-4F43-98EE-FF9583CFF63E}.Release|x86.ActiveCfg = Release|x86
		{84973ABA-0D5D-4F43-98EE-FF9583CFF63E}.Release|x86.Build.0 = Release|x86
		{84973ABA-0D5D-4F43-98EE-FF9583CFF63E}.Release|x86.Deploy.0 = Release|x86
		{7DEE0B7F-8B9D-406E-BDE6-C3518F34508F}.Debug|Any CPU.ActiveCfg = Debug|Any CPU
		{7DEE0B7F-8B9D-406E-BDE6-C3518F34508F}.Debug|Any CPU.Build.0 = Debug|Any CPU
		{7DEE0B7F-8B9D-406E-BDE6-C3518F34508F}.Debug|Any CPU.Deploy.0 = Debug|Any CPU
		{7DEE0B7F-8B9D-406E-BDE6-C3518F34508F}.Debug|ARM.ActiveCfg = Debug|Any CPU
		{7DEE0B7F-8B9D-406E-BDE6-C3518F34508F}.Debug|ARM.Build.0 = Debug|Any CPU
		{7DEE0B7F-8B9D-406E-BDE6-C3518F34508F}.Debug|ARM.Deploy.0 = Debug|Any CPU
		{7DEE0B7F-8B9D-406E-BDE6-C3518F34508F}.Debug|x64.ActiveCfg = Debug|Any CPU
		{7DEE0B7F-8B9D-406E-BDE6-C3518F34508F}.Debug|x64.Build.0 = Debug|Any CPU
		{7DEE0B7F-8B9D-406E-BDE6-C3518F34508F}.Debug|x64.Deploy.0 = Debug|Any CPU
		{7DEE0B7F-8B9D-406E-BDE6-C3518F34508F}.Debug|x86.ActiveCfg = Debug|Any CPU
		{7DEE0B7F-8B9D-406E-BDE6-C3518F34508F}.Debug|x86.Build.0 = Debug|Any CPU
		{7DEE0B7F-8B9D-406E-BDE6-C3518F34508F}.Debug|x86.Deploy.0 = Debug|Any CPU
		{7DEE0B7F-8B9D-406E-BDE6-C3518F34508F}.Release|Any CPU.ActiveCfg = Release|Any CPU
		{7DEE0B7F-8B9D-406E-BDE6-C3518F34508F}.Release|Any CPU.Build.0 = Release|Any CPU
		{7DEE0B7F-8B9D-406E-BDE6-C3518F34508F}.Release|Any CPU.Deploy.0 = Release|Any CPU
		{7DEE0B7F-8B9D-406E-BDE6-C3518F34508F}.Release|ARM.ActiveCfg = Release|Any CPU
		{7DEE0B7F-8B9D-406E-BDE6-C3518F34508F}.Release|ARM.Build.0 = Release|Any CPU
		{7DEE0B7F-8B9D-406E-BDE6-C3518F34508F}.Release|ARM.Deploy.0 = Release|Any CPU
		{7DEE0B7F-8B9D-406E-BDE6-C3518F34508F}.Release|x64.ActiveCfg = Release|Any CPU
		{7DEE0B7F-8B9D-406E-BDE6-C3518F34508F}.Release|x64.Build.0 = Release|Any CPU
		{7DEE0B7F-8B9D-406E-BDE6-C3518F34508F}.Release|x64.Deploy.0 = Release|Any CPU
		{7DEE0B7F-8B9D-406E-BDE6-C3518F34508F}.Release|x86.ActiveCfg = Release|Any CPU
		{7DEE0B7F-8B9D-406E-BDE6-C3518F34508F}.Release|x86.Build.0 = Release|Any CPU
		{7DEE0B7F-8B9D-406E-BDE6-C3518F34508F}.Release|x86.Deploy.0 = Release|Any CPU
	EndGlobalSection
	GlobalSection(SolutionProperties) = preSolution
		HideSolutionNode = FALSE
	EndGlobalSection
	GlobalSection(ExtensibilityGlobals) = postSolution
		SolutionGuid = {BC55235C-4B21-4324-A47A-6D3F7EE20F29}
	EndGlobalSection
EndGlobal
